PODS:
  - CocoaAsyncSocket (7.6.5)
  - CocoaLumberjack (3.6.2):
    - CocoaLumberjack/Core (= 3.6.2)
  - CocoaLumberjack/Core (3.6.2)
  - CocoaLumberjack/Swift (3.6.2):
    - CocoaLumberjack/Core
  - Haptica (3.0.2)
  - KissXML (5.3.1):
    - KissXML/All (= 5.3.1)
  - KissXML/Additions (5.3.1):
    - KissXML/Core
  - KissXML/All (5.3.1):
    - KissXML/Additions
    - KissXML/Core
  - KissXML/Core (5.3.1)
  - libidn (1.35)
  - OpenTok (2.19.1)
  - PureLayout (3.1.8)
  - XMPPFramework/default (4.0.0):
    - CocoaAsyncSocket (~> 7.6)
    - CocoaLumberjack
    - KissXML (~> 5.2)
    - libidn (~> 1.35)
  - XMPPFramework/Swift (4.0.0):
    - CocoaLumberjack/Swift
    - XMPPFramework/default

DEPENDENCIES:
  - CocoaLumberjack/Swift (~> 3.6.2)
  - Haptica
  - OpenTok
  - PureLayout
  - XMPPFramework/Swift

SPEC REPOS:
  https://github.com/CocoaPods/Specs.git:
    - CocoaAsyncSocket
    - CocoaLumberjack
    - Haptica
    - KissXML
    - libidn
    - OpenTok
    - PureLayout
    - XMPPFramework

SPEC CHECKSUMS:
  CocoaAsyncSocket: 065fd1e645c7abab64f7a6a2007a48038fdc6a99
  CocoaLumberjack: bd155f2dd06c0e0b03f876f7a3ee55693122ec94
  Haptica: dc206651beeca25ab4744c633fbf0ae4d1e86baf
  KissXML: 5c8e0f2e8b9f071d3e1ae123dec3eb5da615c10c
  libidn: e4576a956b797c584c77aaedfc6e3dd639b61bdc
  OpenTok: 0c4b4f336462ed5e2aa18b9868eed971f922a09f
  PureLayout: a4afb3d79dd958564ce33d22c89f407280d8e6a8
  XMPPFramework: 5d31ff9f73dce031b24bc49bcf88093627a3a86e

PODFILE CHECKSUM: 576ee2b607e2f7d9d48c7cc7959ed6218e00d40d

COCOAPODS: 1.10.1
